// !$*UTF8*$!
{
	archiveVersion = 1;
	classes = {
	};
	objectVersion = 46;
	objects = {

/* Begin PBXBuildFile section */
		AF16139B1BBC87DC008589E2 /* AppDelegate.swift in Sources */ = {isa = PBXBuildFile; fileRef = AF16139A1BBC87DC008589E2 /* AppDelegate.swift */; };
		AF16139D1BBC87DC008589E2 /* WorkoutsTVC.swift in Sources */ = {isa = PBXBuildFile; fileRef = AF16139C1BBC87DC008589E2 /* WorkoutsTVC.swift */; };
		AF1613A01BBC87DC008589E2 /* Main.storyboard in Resources */ = {isa = PBXBuildFile; fileRef = AF16139E1BBC87DC008589E2 /* Main.storyboard */; };
		AF1613A21BBC87DC008589E2 /* Assets.xcassets in Resources */ = {isa = PBXBuildFile; fileRef = AF1613A11BBC87DC008589E2 /* Assets.xcassets */; };
		AF1613A51BBC87DC008589E2 /* LaunchScreen.storyboard in Resources */ = {isa = PBXBuildFile; fileRef = AF1613A31BBC87DC008589E2 /* LaunchScreen.storyboard */; };
		AF1613B01BBC87DC008589E2 /* JimTests.swift in Sources */ = {isa = PBXBuildFile; fileRef = AF1613AF1BBC87DC008589E2 /* JimTests.swift */; };
		AF1613BB1BBC87DC008589E2 /* JimUITests.swift in Sources */ = {isa = PBXBuildFile; fileRef = AF1613BA1BBC87DC008589E2 /* JimUITests.swift */; };
		AF1613C91BBC8944008589E2 /* libstdc++.6.tbd in Frameworks */ = {isa = PBXBuildFile; fileRef = AF1613C81BBC8944008589E2 /* libstdc++.6.tbd */; };
		AF1613CB1BBC894E008589E2 /* SystemConfiguration.framework in Frameworks */ = {isa = PBXBuildFile; fileRef = AF1613CA1BBC894E008589E2 /* SystemConfiguration.framework */; };
		AF1613CD1BBC8956008589E2 /* AudioToolbox.framework in Frameworks */ = {isa = PBXBuildFile; fileRef = AF1613CC1BBC8956008589E2 /* AudioToolbox.framework */; };
		AF1613CF1BBC895F008589E2 /* libsqlite3.tbd in Frameworks */ = {isa = PBXBuildFile; fileRef = AF1613CE1BBC895F008589E2 /* libsqlite3.tbd */; };
		AF1613D51BBC89D5008589E2 /* Bolts.framework in Frameworks */ = {isa = PBXBuildFile; fileRef = AF1613D21BBC89D5008589E2 /* Bolts.framework */; };
		AF1613D61BBC89D5008589E2 /* Parse.framework in Frameworks */ = {isa = PBXBuildFile; fileRef = AF1613D31BBC89D5008589E2 /* Parse.framework */; };
		AF1613D71BBC89D5008589E2 /* ParseUI.framework in Frameworks */ = {isa = PBXBuildFile; fileRef = AF1613D41BBC89D5008589E2 /* ParseUI.framework */; };
		AF1613D91BBC8A35008589E2 /* CoreLocation.framework in Frameworks */ = {isa = PBXBuildFile; fileRef = AF1613D81BBC8A35008589E2 /* CoreLocation.framework */; };
		AF1613DB1BBC8A3C008589E2 /* StoreKit.framework in Frameworks */ = {isa = PBXBuildFile; fileRef = AF1613DA1BBC8A3C008589E2 /* StoreKit.framework */; };
		AF1613DF1BBC97E0008589E2 /* AddWorkoutTVC.swift in Sources */ = {isa = PBXBuildFile; fileRef = AF1613DE1BBC97E0008589E2 /* AddWorkoutTVC.swift */; };
		AF3423D31C020F4B00233BE3 /* AddExerciseTVC.swift in Sources */ = {isa = PBXBuildFile; fileRef = AF3423D21C020F4B00233BE3 /* AddExerciseTVC.swift */; };
		AF73F1ED1C03B1D800FA5DBF /* WorkoutExercise.swift in Sources */ = {isa = PBXBuildFile; fileRef = AF73F1EC1C03B1D800FA5DBF /* WorkoutExercise.swift */; };
		AF8F700B1BE6D9EF00064AE2 /* ExcercisesTVC.swift in Sources */ = {isa = PBXBuildFile; fileRef = AF8F700A1BE6D9EF00064AE2 /* ExcercisesTVC.swift */; };
		AFB43E411BEE8E89007E8111 /* SelectExercisesTVC.swift in Sources */ = {isa = PBXBuildFile; fileRef = AFB43E401BEE8E89007E8111 /* SelectExercisesTVC.swift */; };
		AFBB48611BFD15D500D69E8C /* WorkoutDetailTVC.swift in Sources */ = {isa = PBXBuildFile; fileRef = AFBB48601BFD15D500D69E8C /* WorkoutDetailTVC.swift */; };
		AFBB48631BFD15F700D69E8C /* ParseKeys.swift in Sources */ = {isa = PBXBuildFile; fileRef = AFBB48621BFD15F700D69E8C /* ParseKeys.swift */; };
		AFD7D30F1BC00E0E00953826 /* Extensions.swift in Sources */ = {isa = PBXBuildFile; fileRef = AFD7D30E1BC00E0E00953826 /* Extensions.swift */; };
		AFF1F5DC1BF8B28700ED799D /* OrderedSet.swift in Sources */ = {isa = PBXBuildFile; fileRef = AFF1F5DB1BF8B28700ED799D /* OrderedSet.swift */; };
		AFF1F5DE1BF8EC8C00ED799D /* Workout.swift in Sources */ = {isa = PBXBuildFile; fileRef = AFF1F5DD1BF8EC8C00ED799D /* Workout.swift */; };
		AFF1F5E01BF8FAC000ED799D /* Exercise.swift in Sources */ = {isa = PBXBuildFile; fileRef = AFF1F5DF1BF8FAC000ED799D /* Exercise.swift */; };
/* End PBXBuildFile section */

/* Begin PBXContainerItemProxy section */
		AF1613AC1BBC87DC008589E2 /* PBXContainerItemProxy */ = {
			isa = PBXContainerItemProxy;
			containerPortal = AF16138F1BBC87DC008589E2 /* Project object */;
			proxyType = 1;
			remoteGlobalIDString = AF1613961BBC87DC008589E2;
			remoteInfo = Jim;
		};
		AF1613B71BBC87DC008589E2 /* PBXContainerItemProxy */ = {
			isa = PBXContainerItemProxy;
			containerPortal = AF16138F1BBC87DC008589E2 /* Project object */;
			proxyType = 1;
			remoteGlobalIDString = AF1613961BBC87DC008589E2;
			remoteInfo = Jim;
		};
/* End PBXContainerItemProxy section */

/* Begin PBXFileReference section */
		AF1613971BBC87DC008589E2 /* Jim.app */ = {isa = PBXFileReference; explicitFileType = wrapper.application; includeInIndex = 0; path = Jim.app; sourceTree = BUILT_PRODUCTS_DIR; };
		AF16139A1BBC87DC008589E2 /* AppDelegate.swift */ = {isa = PBXFileReference; lastKnownFileType = sourcecode.swift; path = AppDelegate.swift; sourceTree = "<group>"; };
		AF16139C1BBC87DC008589E2 /* WorkoutsTVC.swift */ = {isa = PBXFileReference; lastKnownFileType = sourcecode.swift; path = WorkoutsTVC.swift; sourceTree = "<group>"; };
		AF16139F1BBC87DC008589E2 /* Base */ = {isa = PBXFileReference; lastKnownFileType = file.storyboard; name = Base; path = Base.lproj/Main.storyboard; sourceTree = "<group>"; };
		AF1613A11BBC87DC008589E2 /* Assets.xcassets */ = {isa = PBXFileReference; lastKnownFileType = folder.assetcatalog; path = Assets.xcassets; sourceTree = "<group>"; };
		AF1613A41BBC87DC008589E2 /* Base */ = {isa = PBXFileReference; lastKnownFileType = file.storyboard; name = Base; path = Base.lproj/LaunchScreen.storyboard; sourceTree = "<group>"; };
		AF1613A61BBC87DC008589E2 /* Info.plist */ = {isa = PBXFileReference; lastKnownFileType = text.plist.xml; path = Info.plist; sourceTree = "<group>"; };
		AF1613AB1BBC87DC008589E2 /* JimTests.xctest */ = {isa = PBXFileReference; explicitFileType = wrapper.cfbundle; includeInIndex = 0; path = JimTests.xctest; sourceTree = BUILT_PRODUCTS_DIR; };
		AF1613AF1BBC87DC008589E2 /* JimTests.swift */ = {isa = PBXFileReference; lastKnownFileType = sourcecode.swift; path = JimTests.swift; sourceTree = "<group>"; };
		AF1613B11BBC87DC008589E2 /* Info.plist */ = {isa = PBXFileReference; lastKnownFileType = text.plist.xml; path = Info.plist; sourceTree = "<group>"; };
		AF1613B61BBC87DC008589E2 /* JimUITests.xctest */ = {isa = PBXFileReference; explicitFileType = wrapper.cfbundle; includeInIndex = 0; path = JimUITests.xctest; sourceTree = BUILT_PRODUCTS_DIR; };
		AF1613BA1BBC87DC008589E2 /* JimUITests.swift */ = {isa = PBXFileReference; lastKnownFileType = sourcecode.swift; path = JimUITests.swift; sourceTree = "<group>"; };
		AF1613BC1BBC87DC008589E2 /* Info.plist */ = {isa = PBXFileReference; lastKnownFileType = text.plist.xml; path = Info.plist; sourceTree = "<group>"; };
		AF1613C81BBC8944008589E2 /* libstdc++.6.tbd */ = {isa = PBXFileReference; lastKnownFileType = "sourcecode.text-based-dylib-definition"; name = "libstdc++.6.tbd"; path = "usr/lib/libstdc++.6.tbd"; sourceTree = SDKROOT; };
		AF1613CA1BBC894E008589E2 /* SystemConfiguration.framework */ = {isa = PBXFileReference; lastKnownFileType = wrapper.framework; name = SystemConfiguration.framework; path = System/Library/Frameworks/SystemConfiguration.framework; sourceTree = SDKROOT; };
		AF1613CC1BBC8956008589E2 /* AudioToolbox.framework */ = {isa = PBXFileReference; lastKnownFileType = wrapper.framework; name = AudioToolbox.framework; path = System/Library/Frameworks/AudioToolbox.framework; sourceTree = SDKROOT; };
		AF1613CE1BBC895F008589E2 /* libsqlite3.tbd */ = {isa = PBXFileReference; lastKnownFileType = "sourcecode.text-based-dylib-definition"; name = libsqlite3.tbd; path = usr/lib/libsqlite3.tbd; sourceTree = SDKROOT; };
		AF1613D21BBC89D5008589E2 /* Bolts.framework */ = {isa = PBXFileReference; lastKnownFileType = wrapper.framework; path = Bolts.framework; sourceTree = "<group>"; };
		AF1613D31BBC89D5008589E2 /* Parse.framework */ = {isa = PBXFileReference; lastKnownFileType = wrapper.framework; path = Parse.framework; sourceTree = "<group>"; };
		AF1613D41BBC89D5008589E2 /* ParseUI.framework */ = {isa = PBXFileReference; lastKnownFileType = wrapper.framework; path = ParseUI.framework; sourceTree = "<group>"; };
		AF1613D81BBC8A35008589E2 /* CoreLocation.framework */ = {isa = PBXFileReference; lastKnownFileType = wrapper.framework; name = CoreLocation.framework; path = System/Library/Frameworks/CoreLocation.framework; sourceTree = SDKROOT; };
		AF1613DA1BBC8A3C008589E2 /* StoreKit.framework */ = {isa = PBXFileReference; lastKnownFileType = wrapper.framework; name = StoreKit.framework; path = System/Library/Frameworks/StoreKit.framework; sourceTree = SDKROOT; };
		AF1613DE1BBC97E0008589E2 /* AddWorkoutTVC.swift */ = {isa = PBXFileReference; fileEncoding = 4; lastKnownFileType = sourcecode.swift; path = AddWorkoutTVC.swift; sourceTree = "<group>"; };
		AF3423D21C020F4B00233BE3 /* AddExerciseTVC.swift */ = {isa = PBXFileReference; fileEncoding = 4; lastKnownFileType = sourcecode.swift; path = AddExerciseTVC.swift; sourceTree = "<group>"; };
		AF73F1EC1C03B1D800FA5DBF /* WorkoutExercise.swift */ = {isa = PBXFileReference; fileEncoding = 4; lastKnownFileType = sourcecode.swift; path = WorkoutExercise.swift; sourceTree = "<group>"; };
		AF8F700A1BE6D9EF00064AE2 /* ExcercisesTVC.swift */ = {isa = PBXFileReference; fileEncoding = 4; lastKnownFileType = sourcecode.swift; path = ExcercisesTVC.swift; sourceTree = "<group>"; };
		AFB43E401BEE8E89007E8111 /* SelectExercisesTVC.swift */ = {isa = PBXFileReference; fileEncoding = 4; lastKnownFileType = sourcecode.swift; path = SelectExercisesTVC.swift; sourceTree = "<group>"; };
		AFBB48601BFD15D500D69E8C /* WorkoutDetailTVC.swift */ = {isa = PBXFileReference; fileEncoding = 4; lastKnownFileType = sourcecode.swift; path = WorkoutDetailTVC.swift; sourceTree = "<group>"; };
		AFBB48621BFD15F700D69E8C /* ParseKeys.swift */ = {isa = PBXFileReference; fileEncoding = 4; lastKnownFileType = sourcecode.swift; path = ParseKeys.swift; sourceTree = "<group>"; };
		AFD7D30E1BC00E0E00953826 /* Extensions.swift */ = {isa = PBXFileReference; fileEncoding = 4; lastKnownFileType = sourcecode.swift; path = Extensions.swift; sourceTree = "<group>"; };
		AFF1F5DB1BF8B28700ED799D /* OrderedSet.swift */ = {isa = PBXFileReference; fileEncoding = 4; lastKnownFileType = sourcecode.swift; path = OrderedSet.swift; sourceTree = "<group>"; };
		AFF1F5DD1BF8EC8C00ED799D /* Workout.swift */ = {isa = PBXFileReference; fileEncoding = 4; lastKnownFileType = sourcecode.swift; path = Workout.swift; sourceTree = "<group>"; };
		AFF1F5DF1BF8FAC000ED799D /* Exercise.swift */ = {isa = PBXFileReference; fileEncoding = 4; lastKnownFileType = sourcecode.swift; path = Exercise.swift; sourceTree = "<group>"; };
/* End PBXFileReference section */

/* Begin PBXFrameworksBuildPhase section */
		AF1613941BBC87DC008589E2 /* Frameworks */ = {
			isa = PBXFrameworksBuildPhase;
			buildActionMask = 2147483647;
			files = (
				AF1613DB1BBC8A3C008589E2 /* StoreKit.framework in Frameworks */,
				AF1613D91BBC8A35008589E2 /* CoreLocation.framework in Frameworks */,
				AF1613D51BBC89D5008589E2 /* Bolts.framework in Frameworks */,
				AF1613CF1BBC895F008589E2 /* libsqlite3.tbd in Frameworks */,
				AF1613D71BBC89D5008589E2 /* ParseUI.framework in Frameworks */,
				AF1613CD1BBC8956008589E2 /* AudioToolbox.framework in Frameworks */,
				AF1613CB1BBC894E008589E2 /* SystemConfiguration.framework in Frameworks */,
				AF1613D61BBC89D5008589E2 /* Parse.framework in Frameworks */,
				AF1613C91BBC8944008589E2 /* libstdc++.6.tbd in Frameworks */,
			);
			runOnlyForDeploymentPostprocessing = 0;
		};
		AF1613A81BBC87DC008589E2 /* Frameworks */ = {
			isa = PBXFrameworksBuildPhase;
			buildActionMask = 2147483647;
			files = (
			);
			runOnlyForDeploymentPostprocessing = 0;
		};
		AF1613B31BBC87DC008589E2 /* Frameworks */ = {
			isa = PBXFrameworksBuildPhase;
			buildActionMask = 2147483647;
			files = (
			);
			runOnlyForDeploymentPostprocessing = 0;
		};
/* End PBXFrameworksBuildPhase section */

/* Begin PBXGroup section */
		AF16138E1BBC87DC008589E2 = {
			isa = PBXGroup;
			children = (
				AF1613991BBC87DC008589E2 /* Jim */,
				AF1613D01BBC8970008589E2 /* Frameworks */,
				AF1613AE1BBC87DC008589E2 /* JimTests */,
				AF1613B91BBC87DC008589E2 /* JimUITests */,
				AF1613981BBC87DC008589E2 /* Products */,
			);
			sourceTree = "<group>";
		};
		AF1613981BBC87DC008589E2 /* Products */ = {
			isa = PBXGroup;
			children = (
				AF1613971BBC87DC008589E2 /* Jim.app */,
				AF1613AB1BBC87DC008589E2 /* JimTests.xctest */,
				AF1613B61BBC87DC008589E2 /* JimUITests.xctest */,
			);
			name = Products;
			sourceTree = "<group>";
		};
		AF1613991BBC87DC008589E2 /* Jim */ = {
			isa = PBXGroup;
			children = (
				AF16139A1BBC87DC008589E2 /* AppDelegate.swift */,
				AFBB48621BFD15F700D69E8C /* ParseKeys.swift */,
				AF16139E1BBC87DC008589E2 /* Main.storyboard */,
				AF16139C1BBC87DC008589E2 /* WorkoutsTVC.swift */,
				AFBB48601BFD15D500D69E8C /* WorkoutDetailTVC.swift */,
				AFB43E421BEE8E91007E8111 /* Add Workout */,
				AF8F700A1BE6D9EF00064AE2 /* ExcercisesTVC.swift */,
				AF3423D21C020F4B00233BE3 /* AddExerciseTVC.swift */,
				AFD7D30E1BC00E0E00953826 /* Extensions.swift */,
				AFBB48581BFC84AF00D69E8C /* Models */,
				AF1613A11BBC87DC008589E2 /* Assets.xcassets */,
				AF1613A31BBC87DC008589E2 /* LaunchScreen.storyboard */,
				AF1613A61BBC87DC008589E2 /* Info.plist */,
			);
			path = Jim;
			sourceTree = "<group>";
		};
		AF1613AE1BBC87DC008589E2 /* JimTests */ = {
			isa = PBXGroup;
			children = (
				AF1613AF1BBC87DC008589E2 /* JimTests.swift */,
				AF1613B11BBC87DC008589E2 /* Info.plist */,
			);
			path = JimTests;
			sourceTree = "<group>";
		};
		AF1613B91BBC87DC008589E2 /* JimUITests */ = {
			isa = PBXGroup;
			children = (
				AF1613BA1BBC87DC008589E2 /* JimUITests.swift */,
				AF1613BC1BBC87DC008589E2 /* Info.plist */,
			);
			path = JimUITests;
			sourceTree = "<group>";
		};
		AF1613D01BBC8970008589E2 /* Frameworks */ = {
			isa = PBXGroup;
			children = (
				AF1613DA1BBC8A3C008589E2 /* StoreKit.framework */,
				AF1613D81BBC8A35008589E2 /* CoreLocation.framework */,
				AF1613D11BBC89D5008589E2 /* Parse */,
				AF1613CE1BBC895F008589E2 /* libsqlite3.tbd */,
				AF1613CC1BBC8956008589E2 /* AudioToolbox.framework */,
				AF1613CA1BBC894E008589E2 /* SystemConfiguration.framework */,
				AF1613C81BBC8944008589E2 /* libstdc++.6.tbd */,
			);
			path = Frameworks;
			sourceTree = "<group>";
		};
		AF1613D11BBC89D5008589E2 /* Parse */ = {
			isa = PBXGroup;
			children = (
				AF1613D21BBC89D5008589E2 /* Bolts.framework */,
				AF1613D31BBC89D5008589E2 /* Parse.framework */,
				AF1613D41BBC89D5008589E2 /* ParseUI.framework */,
			);
			path = Parse;
			sourceTree = "<group>";
		};
		AFB43E421BEE8E91007E8111 /* Add Workout */ = {
			isa = PBXGroup;
			children = (
				AF1613DE1BBC97E0008589E2 /* AddWorkoutTVC.swift */,
				AFB43E401BEE8E89007E8111 /* SelectExercisesTVC.swift */,
			);
			name = "Add Workout";
			sourceTree = "<group>";
		};
		AFBB48581BFC84AF00D69E8C /* Models */ = {
			isa = PBXGroup;
			children = (
				AFF1F5DB1BF8B28700ED799D /* OrderedSet.swift */,
				AFF1F5DF1BF8FAC000ED799D /* Exercise.swift */,
				AF73F1EC1C03B1D800FA5DBF /* WorkoutExercise.swift */,
				AFF1F5DD1BF8EC8C00ED799D /* Workout.swift */,
			);
			name = Models;
			sourceTree = "<group>";
		};
/* End PBXGroup section */

/* Begin PBXNativeTarget section */
		AF1613961BBC87DC008589E2 /* Jim */ = {
			isa = PBXNativeTarget;
			buildConfigurationList = AF1613BF1BBC87DC008589E2 /* Build configuration list for PBXNativeTarget "Jim" */;
			buildPhases = (
				AF1613931BBC87DC008589E2 /* Sources */,
				AF1613941BBC87DC008589E2 /* Frameworks */,
				AF1613951BBC87DC008589E2 /* Resources */,
			);
			buildRules = (
			);
			dependencies = (
			);
			name = Jim;
			productName = Jim;
			productReference = AF1613971BBC87DC008589E2 /* Jim.app */;
			productType = "com.apple.product-type.application";
		};
		AF1613AA1BBC87DC008589E2 /* JimTests */ = {
			isa = PBXNativeTarget;
			buildConfigurationList = AF1613C21BBC87DC008589E2 /* Build configuration list for PBXNativeTarget "JimTests" */;
			buildPhases = (
				AF1613A71BBC87DC008589E2 /* Sources */,
				AF1613A81BBC87DC008589E2 /* Frameworks */,
				AF1613A91BBC87DC008589E2 /* Resources */,
			);
			buildRules = (
			);
			dependencies = (
				AF1613AD1BBC87DC008589E2 /* PBXTargetDependency */,
			);
			name = JimTests;
			productName = JimTests;
			productReference = AF1613AB1BBC87DC008589E2 /* JimTests.xctest */;
			productType = "com.apple.product-type.bundle.unit-test";
		};
		AF1613B51BBC87DC008589E2 /* JimUITests */ = {
			isa = PBXNativeTarget;
			buildConfigurationList = AF1613C51BBC87DC008589E2 /* Build configuration list for PBXNativeTarget "JimUITests" */;
			buildPhases = (
				AF1613B21BBC87DC008589E2 /* Sources */,
				AF1613B31BBC87DC008589E2 /* Frameworks */,
				AF1613B41BBC87DC008589E2 /* Resources */,
			);
			buildRules = (
			);
			dependencies = (
				AF1613B81BBC87DC008589E2 /* PBXTargetDependency */,
			);
			name = JimUITests;
			productName = JimUITests;
			productReference = AF1613B61BBC87DC008589E2 /* JimUITests.xctest */;
			productType = "com.apple.product-type.bundle.ui-testing";
		};
/* End PBXNativeTarget section */

/* Begin PBXProject section */
		AF16138F1BBC87DC008589E2 /* Project object */ = {
			isa = PBXProject;
			attributes = {
				LastUpgradeCheck = 0700;
				ORGANIZATIONNAME = "Kyle McAlpine";
				TargetAttributes = {
					AF1613961BBC87DC008589E2 = {
						CreatedOnToolsVersion = 7.0.1;
						DevelopmentTeam = X2TBSUCASC;
					};
					AF1613AA1BBC87DC008589E2 = {
						CreatedOnToolsVersion = 7.0.1;
						TestTargetID = AF1613961BBC87DC008589E2;
					};
					AF1613B51BBC87DC008589E2 = {
						CreatedOnToolsVersion = 7.0.1;
						TestTargetID = AF1613961BBC87DC008589E2;
					};
				};
			};
			buildConfigurationList = AF1613921BBC87DC008589E2 /* Build configuration list for PBXProject "Jim" */;
			compatibilityVersion = "Xcode 3.2";
			developmentRegion = English;
			hasScannedForEncodings = 0;
			knownRegions = (
				en,
				Base,
			);
			mainGroup = AF16138E1BBC87DC008589E2;
			productRefGroup = AF1613981BBC87DC008589E2 /* Products */;
			projectDirPath = "";
			projectRoot = "";
			targets = (
				AF1613961BBC87DC008589E2 /* Jim */,
				AF1613AA1BBC87DC008589E2 /* JimTests */,
				AF1613B51BBC87DC008589E2 /* JimUITests */,
			);
		};
/* End PBXProject section */

/* Begin PBXResourcesBuildPhase section */
		AF1613951BBC87DC008589E2 /* Resources */ = {
			isa = PBXResourcesBuildPhase;
			buildActionMask = 2147483647;
			files = (
				AF1613A51BBC87DC008589E2 /* LaunchScreen.storyboard in Resources */,
				AF1613A21BBC87DC008589E2 /* Assets.xcassets in Resources */,
				AF1613A01BBC87DC008589E2 /* Main.storyboard in Resources */,
			);
			runOnlyForDeploymentPostprocessing = 0;
		};
		AF1613A91BBC87DC008589E2 /* Resources */ = {
			isa = PBXResourcesBuildPhase;
			buildActionMask = 2147483647;
			files = (
			);
			runOnlyForDeploymentPostprocessing = 0;
		};
		AF1613B41BBC87DC008589E2 /* Resources */ = {
			isa = PBXResourcesBuildPhase;
			buildActionMask = 2147483647;
			files = (
			);
			runOnlyForDeploymentPostprocessing = 0;
		};
/* End PBXResourcesBuildPhase section */

/* Begin PBXSourcesBuildPhase section */
		AF1613931BBC87DC008589E2 /* Sources */ = {
			isa = PBXSourcesBuildPhase;
			buildActionMask = 2147483647;
			files = (
				AFBB48611BFD15D500D69E8C /* WorkoutDetailTVC.swift in Sources */,
				AF3423D31C020F4B00233BE3 /* AddExerciseTVC.swift in Sources */,
				AFBB48631BFD15F700D69E8C /* ParseKeys.swift in Sources */,
				AF73F1ED1C03B1D800FA5DBF /* WorkoutExercise.swift in Sources */,
				AFD7D30F1BC00E0E00953826 /* Extensions.swift in Sources */,
				AF16139D1BBC87DC008589E2 /* WorkoutsTVC.swift in Sources */,
				AF16139B1BBC87DC008589E2 /* AppDelegate.swift in Sources */,
				AFF1F5DC1BF8B28700ED799D /* OrderedSet.swift in Sources */,
				AFF1F5E01BF8FAC000ED799D /* Exercise.swift in Sources */,
				AFF1F5DE1BF8EC8C00ED799D /* Workout.swift in Sources */,
				AF1613DF1BBC97E0008589E2 /* AddWorkoutTVC.swift in Sources */,
				AF8F700B1BE6D9EF00064AE2 /* ExcercisesTVC.swift in Sources */,
				AFB43E411BEE8E89007E8111 /* SelectExercisesTVC.swift in Sources */,
			);
			runOnlyForDeploymentPostprocessing = 0;
		};
		AF1613A71BBC87DC008589E2 /* Sources */ = {
			isa = PBXSourcesBuildPhase;
			buildActionMask = 2147483647;
			files = (
				AF1613B01BBC87DC008589E2 /* JimTests.swift in Sources */,
			);
			runOnlyForDeploymentPostprocessing = 0;
		};
		AF1613B21BBC87DC008589E2 /* Sources */ = {
			isa = PBXSourcesBuildPhase;
			buildActionMask = 2147483647;
			files = (
				AF1613BB1BBC87DC008589E2 /* JimUITests.swift in Sources */,
			);
			runOnlyForDeploymentPostprocessing = 0;
		};
/* End PBXSourcesBuildPhase section */

/* Begin PBXTargetDependency section */
		AF1613AD1BBC87DC008589E2 /* PBXTargetDependency */ = {
			isa = PBXTargetDependency;
			target = AF1613961BBC87DC008589E2 /* Jim */;
			targetProxy = AF1613AC1BBC87DC008589E2 /* PBXContainerItemProxy */;
		};
		AF1613B81BBC87DC008589E2 /* PBXTargetDependency */ = {
			isa = PBXTargetDependency;
			target = AF1613961BBC87DC008589E2 /* Jim */;
			targetProxy = AF1613B71BBC87DC008589E2 /* PBXContainerItemProxy */;
		};
/* End PBXTargetDependency section */

/* Begin PBXVariantGroup section */
		AF16139E1BBC87DC008589E2 /* Main.storyboard */ = {
			isa = PBXVariantGroup;
			children = (
				AF16139F1BBC87DC008589E2 /* Base */,
			);
			name = Main.storyboard;
			sourceTree = "<group>";
		};
		AF1613A31BBC87DC008589E2 /* LaunchScreen.storyboard */ = {
			isa = PBXVariantGroup;
			children = (
				AF1613A41BBC87DC008589E2 /* Base */,
			);
			name = LaunchScreen.storyboard;
			sourceTree = "<group>";
		};
/* End PBXVariantGroup section */

/* Begin XCBuildConfiguration section */
		AF1613BD1BBC87DC008589E2 /* Debug */ = {
			isa = XCBuildConfiguration;
			buildSettings = {
				ALWAYS_SEARCH_USER_PATHS = NO;
				CLANG_CXX_LANGUAGE_STANDARD = "gnu++0x";
				CLANG_CXX_LIBRARY = "libc++";
				CLANG_ENABLE_MODULES = YES;
				CLANG_ENABLE_OBJC_ARC = YES;
				CLANG_WARN_BOOL_CONVERSION = YES;
				CLANG_WARN_CONSTANT_CONVERSION = YES;
				CLANG_WARN_DIRECT_OBJC_ISA_USAGE = YES_ERROR;
				CLANG_WARN_EMPTY_BODY = YES;
				CLANG_WARN_ENUM_CONVERSION = YES;
				CLANG_WARN_INT_CONVERSION = YES;
				CLANG_WARN_OBJC_ROOT_CLASS = YES_ERROR;
				CLANG_WARN_UNREACHABLE_CODE = YES;
				CLANG_WARN__DUPLICATE_METHOD_MATCH = YES;
				"CODE_SIGN_IDENTITY[sdk=iphoneos*]" = "iPhone Developer";
				COPY_PHASE_STRIP = NO;
				DEBUG_INFORMATION_FORMAT = dwarf;
				ENABLE_STRICT_OBJC_MSGSEND = YES;
				ENABLE_TESTABILITY = YES;
				GCC_C_LANGUAGE_STANDARD = gnu99;
				GCC_DYNAMIC_NO_PIC = NO;
				GCC_NO_COMMON_BLOCKS = YES;
				GCC_OPTIMIZATION_LEVEL = 0;
				GCC_PREPROCESSOR_DEFINITIONS = (
					"DEBUG=1",
					"$(inherited)",
				);
				GCC_WARN_64_TO_32_BIT_CONVERSION = YES;
				GCC_WARN_ABOUT_RETURN_TYPE = YES_ERROR;
				GCC_WARN_UNDECLARED_SELECTOR = YES;
				GCC_WARN_UNINITIALIZED_AUTOS = YES_AGGRESSIVE;
				GCC_WARN_UNUSED_FUNCTION = YES;
				GCC_WARN_UNUSED_VARIABLE = YES;
				IPHONEOS_DEPLOYMENT_TARGET = 9.0;
				MTL_ENABLE_DEBUG_INFO = YES;
				ONLY_ACTIVE_ARCH = YES;
				SDKROOT = iphoneos;
				SWIFT_OPTIMIZATION_LEVEL = "-Onone";
			};
			name = Debug;
		};
		AF1613BE1BBC87DC008589E2 /* Release */ = {
			isa = XCBuildConfiguration;
			buildSettings = {
				ALWAYS_SEARCH_USER_PATHS = NO;
				CLANG_CXX_LANGUAGE_STANDARD = "gnu++0x";
				CLANG_CXX_LIBRARY = "libc++";
				CLANG_ENABLE_MODULES = YES;
				CLANG_ENABLE_OBJC_ARC = YES;
				CLANG_WARN_BOOL_CONVERSION = YES;
				CLANG_WARN_CONSTANT_CONVERSION = YES;
				CLANG_WARN_DIRECT_OBJC_ISA_USAGE = YES_ERROR;
				CLANG_WARN_EMPTY_BODY = YES;
				CLANG_WARN_ENUM_CONVERSION = YES;
				CLANG_WARN_INT_CONVERSION = YES;
				CLANG_WARN_OBJC_ROOT_CLASS = YES_ERROR;
				CLANG_WARN_UNREACHABLE_CODE = YES;
				CLANG_WARN__DUPLICATE_METHOD_MATCH = YES;
				"CODE_SIGN_IDENTITY[sdk=iphoneos*]" = "iPhone Developer";
				COPY_PHASE_STRIP = NO;
				DEBUG_INFORMATION_FORMAT = "dwarf-with-dsym";
				ENABLE_NS_ASSERTIONS = NO;
				ENABLE_STRICT_OBJC_MSGSEND = YES;
				GCC_C_LANGUAGE_STANDARD = gnu99;
				GCC_NO_COMMON_BLOCKS = YES;
				GCC_WARN_64_TO_32_BIT_CONVERSION = YES;
				GCC_WARN_ABOUT_RETURN_TYPE = YES_ERROR;
				GCC_WARN_UNDECLARED_SELECTOR = YES;
				GCC_WARN_UNINITIALIZED_AUTOS = YES_AGGRESSIVE;
				GCC_WARN_UNUSED_FUNCTION = YES;
				GCC_WARN_UNUSED_VARIABLE = YES;
				IPHONEOS_DEPLOYMENT_TARGET = 9.0;
				MTL_ENABLE_DEBUG_INFO = NO;
				SDKROOT = iphoneos;
				VALIDATE_PRODUCT = YES;
			};
			name = Release;
		};
		AF1613C01BBC87DC008589E2 /* Debug */ = {
			isa = XCBuildConfiguration;
			buildSettings = {
				ASSETCATALOG_COMPILER_APPICON_NAME = AppIcon;
				CODE_SIGN_IDENTITY = "iPhone Developer";
				"CODE_SIGN_IDENTITY[sdk=iphoneos*]" = "iPhone Developer";
				FRAMEWORK_SEARCH_PATHS = (
					"$(inherited)",
					"$(PROJECT_DIR)/Frameworks/Parse",
				);
				INFOPLIST_FILE = Jim/Info.plist;
				LD_RUNPATH_SEARCH_PATHS = "$(inherited) @executable_path/Frameworks";
				PRODUCT_BUNDLE_IDENTIFIER = io.kylejm.Jim;
				PRODUCT_NAME = "$(TARGET_NAME)";
				PROVISIONING_PROFILE = "";
			};
			name = Debug;
		};
		AF1613C11BBC87DC008589E2 /* Release */ = {
			isa = XCBuildConfiguration;
			buildSettings = {
				ASSETCATALOG_COMPILER_APPICON_NAME = AppIcon;
				CODE_SIGN_IDENTITY = "iPhone Developer";
				"CODE_SIGN_IDENTITY[sdk=iphoneos*]" = "iPhone Developer";
				FRAMEWORK_SEARCH_PATHS = (
					"$(inherited)",
					"$(PROJECT_DIR)/Frameworks/Parse",
				);
				INFOPLIST_FILE = Jim/Info.plist;
				LD_RUNPATH_SEARCH_PATHS = "$(inherited) @executable_path/Frameworks";
				PRODUCT_BUNDLE_IDENTIFIER = io.kylejm.Jim;
				PRODUCT_NAME = "$(TARGET_NAME)";
				PROVISIONING_PROFILE = "";
			};
			name = Release;
		};
		AF1613C31BBC87DC008589E2 /* Debug */ = {
			isa = XCBuildConfiguration;
			buildSettings = {
				BUNDLE_LOADER = "$(TEST_HOST)";
				INFOPLIST_FILE = JimTests/Info.plist;
				LD_RUNPATH_SEARCH_PATHS = "$(inherited) @executable_path/Frameworks @loader_path/Frameworks";
				PRODUCT_BUNDLE_IDENTIFIER = io.kylejm.JimTests;
				PRODUCT_NAME = "$(TARGET_NAME)";
				TEST_HOST = "$(BUILT_PRODUCTS_DIR)/Jim.app/Jim";
			};
			name = Debug;
		};
		AF1613C41BBC87DC008589E2 /* Release */ = {
			isa = XCBuildConfiguration;
			buildSettings = {
				BUNDLE_LOADER = "$(TEST_HOST)";
				INFOPLIST_FILE = JimTests/Info.plist;
				LD_RUNPATH_SEARCH_PATHS = "$(inherited) @executable_path/Frameworks @loader_path/Frameworks";
				PRODUCT_BUNDLE_IDENTIFIER = io.kylejm.JimTests;
				PRODUCT_NAME = "$(TARGET_NAME)";
				TEST_HOST = "$(BUILT_PRODUCTS_DIR)/Jim.app/Jim";
			};
			name = Release;
		};
		AF1613C61BBC87DC008589E2 /* Debug */ = {
			isa = XCBuildConfiguration;
			buildSettings = {
				INFOPLIST_FILE = JimUITests/Info.plist;
				LD_RUNPATH_SEARCH_PATHS = "$(inherited) @executable_path/Frameworks @loader_path/Frameworks";
				PRODUCT_BUNDLE_IDENTIFIER = io.kylejm.JimUITests;
				PRODUCT_NAME = "$(TARGET_NAME)";
				TEST_TARGET_NAME = Jim;
				USES_XCTRUNNER = YES;
			};
			name = Debug;
		};
		AF1613C71BBC87DC008589E2 /* Release */ = {
			isa = XCBuildConfiguration;
			buildSettings = {
				INFOPLIST_FILE = JimUITests/Info.plist;
				LD_RUNPATH_SEARCH_PATHS = "$(inherited) @executable_path/Frameworks @loader_path/Frameworks";
				PRODUCT_BUNDLE_IDENTIFIER = io.kylejm.JimUITests;
				PRODUCT_NAME = "$(TARGET_NAME)";
				TEST_TARGET_NAME = Jim;
				USES_XCTRUNNER = YES;
			};
			name = Release;
		};
/* End XCBuildConfiguration section */

/* Begin XCConfigurationList section */
		AF1613921BBC87DC008589E2 /* Build configuration list for PBXProject "Jim" */ = {
			isa = XCConfigurationList;
			buildConfigurations = (
				AF1613BD1BBC87DC008589E2 /* Debug */,
				AF1613BE1BBC87DC008589E2 /* Release */,
			);
			defaultConfigurationIsVisible = 0;
			defaultConfigurationName = Release;
		};
		AF1613BF1BBC87DC008589E2 /* Build configuration list for PBXNativeTarget "Jim" */ = {
			isa = XCConfigurationList;
			buildConfigurations = (
				AF1613C01BBC87DC008589E2 /* Debug */,
				AF1613C11BBC87DC008589E2 /* Release */,
			);
			defaultConfigurationIsVisible = 0;
			defaultConfigurationName = Release;
		};
		AF1613C21BBC87DC008589E2 /* Build configuration list for PBXNativeTarget "JimTests" */ = {
			isa = XCConfigurationList;
			buildConfigurations = (
				AF1613C31BBC87DC008589E2 /* Debug */,
				AF1613C41BBC87DC008589E2 /* Release */,
			);
			defaultConfigurationIsVisible = 0;
			defaultConfigurationName = Release;
		};
		AF1613C51BBC87DC008589E2 /* Build configuration list for PBXNativeTarget "JimUITests" */ = {
			isa = XCConfigurationList;
			buildConfigurations = (
				AF1613C61BBC87DC008589E2 /* Debug */,
				AF1613C71BBC87DC008589E2 /* Release */,
			);
			defaultConfigurationIsVisible = 0;
			defaultConfigurationName = Release;
		};
/* End XCConfigurationList section */
	};
	rootObject = AF16138F1BBC87DC008589E2 /* Project object */;
}
