// !$*UTF8*$!
{
	archiveVersion = 1;
	classes = {
	};
	objectVersion = 46;
	objects = {

/* Begin PBXBuildFile section */
		AF16139B1BBC87DC008589E2 /* AppDelegate.swift in Sources */ = {isa = PBXBuildFile; fileRef = AF16139A1BBC87DC008589E2 /* AppDelegate.swift */; };
		AF16139D1BBC87DC008589E2 /* ViewController.swift in Sources */ = {isa = PBXBuildFile; fileRef = AF16139C1BBC87DC008589E2 /* ViewController.swift */; };
		AF1613A01BBC87DC008589E2 /* Main.storyboard in Resources */ = {isa = PBXBuildFile; fileRef = AF16139E1BBC87DC008589E2 /* Main.storyboard */; };
		AF1613A21BBC87DC008589E2 /* Assets.xcassets in Resources */ = {isa = PBXBuildFile; fileRef = AF1613A11BBC87DC008589E2 /* Assets.xcassets */; };
		AF1613A51BBC87DC008589E2 /* LaunchScreen.storyboard in Resources */ = {isa = PBXBuildFile; fileRef = AF1613A31BBC87DC008589E2 /* LaunchScreen.storyboard */; };
		AF1613B01BBC87DC008589E2 /* JimTests.swift in Sources */ = {isa = PBXBuildFile; fileRef = AF1613AF1BBC87DC008589E2 /* JimTests.swift */; };
		AF1613BB1BBC87DC008589E2 /* JimUITests.swift in Sources */ = {isa = PBXBuildFile; fileRef = AF1613BA1BBC87DC008589E2 /* JimUITests.swift */; };
/* End PBXBuildFile section */

/* Begin PBXContainerItemProxy section */
		AF1613AC1BBC87DC008589E2 /* PBXContainerItemProxy */ = {
			isa = PBXContainerItemProxy;
			containerPortal = AF16138F1BBC87DC008589E2 /* Project object */;
			proxyType = 1;
			remoteGlobalIDString = AF1613961BBC87DC008589E2;
			remoteInfo = Jim;
		};
		AF1613B71BBC87DC008589E2 /* PBXContainerItemProxy */ = {
			isa = PBXContainerItemProxy;
			containerPortal = AF16138F1BBC87DC008589E2 /* Project object */;
			proxyType = 1;
			remoteGlobalIDString = AF1613961BBC87DC008589E2;
			remoteInfo = Jim;
		};
/* End PBXContainerItemProxy section */

/* Begin PBXFileReference section */
		AF1613971BBC87DC008589E2 /* Jim.app */ = {isa = PBXFileReference; explicitFileType = wrapper.application; includeInIndex = 0; path = Jim.app; sourceTree = BUILT_PRODUCTS_DIR; };
		AF16139A1BBC87DC008589E2 /* AppDelegate.swift */ = {isa = PBXFileReference; lastKnownFileType = sourcecode.swift; path = AppDelegate.swift; sourceTree = "<group>"; };
		AF16139C1BBC87DC008589E2 /* ViewController.swift */ = {isa = PBXFileReference; lastKnownFileType = sourcecode.swift; path = ViewController.swift; sourceTree = "<group>"; };
		AF16139F1BBC87DC008589E2 /* Base */ = {isa = PBXFileReference; lastKnownFileType = file.storyboard; name = Base; path = Base.lproj/Main.storyboard; sourceTree = "<group>"; };
		AF1613A11BBC87DC008589E2 /* Assets.xcassets */ = {isa = PBXFileReference; lastKnownFileType = folder.assetcatalog; path = Assets.xcassets; sourceTree = "<group>"; };
		AF1613A41BBC87DC008589E2 /* Base */ = {isa = PBXFileReference; lastKnownFileType = file.storyboard; name = Base; path = Base.lproj/LaunchScreen.storyboard; sourceTree = "<group>"; };
		AF1613A61BBC87DC008589E2 /* Info.plist */ = {isa = PBXFileReference; lastKnownFileType = text.plist.xml; path = Info.plist; sourceTree = "<group>"; };
		AF1613AB1BBC87DC008589E2 /* JimTests.xctest */ = {isa = PBXFileReference; explicitFileType = wrapper.cfbundle; includeInIndex = 0; path = JimTests.xctest; sourceTree = BUILT_PRODUCTS_DIR; };
		AF1613AF1BBC87DC008589E2 /* JimTests.swift */ = {isa = PBXFileReference; lastKnownFileType = sourcecode.swift; path = JimTests.swift; sourceTree = "<group>"; };
		AF1613B11BBC87DC008589E2 /* Info.plist */ = {isa = PBXFileReference; lastKnownFileType = text.plist.xml; path = Info.plist; sourceTree = "<group>"; };
		AF1613B61BBC87DC008589E2 /* JimUITests.xctest */ = {isa = PBXFileReference; explicitFileType = wrapper.cfbundle; includeInIndex = 0; path = JimUITests.xctest; sourceTree = BUILT_PRODUCTS_DIR; };
		AF1613BA1BBC87DC008589E2 /* JimUITests.swift */ = {isa = PBXFileReference; lastKnownFileType = sourcecode.swift; path = JimUITests.swift; sourceTree = "<group>"; };
		AF1613BC1BBC87DC008589E2 /* Info.plist */ = {isa = PBXFileReference; lastKnownFileType = text.plist.xml; path = Info.plist; sourceTree = "<group>"; };
/* End PBXFileReference section */

/* Begin PBXFrameworksBuildPhase section */
		AF1613941BBC87DC008589E2 /* Frameworks */ = {
			isa = PBXFrameworksBuildPhase;
			buildActionMask = 2147483647;
			files = (
			);
			runOnlyForDeploymentPostprocessing = 0;
		};
		AF1613A81BBC87DC008589E2 /* Frameworks */ = {
			isa = PBXFrameworksBuildPhase;
			buildActionMask = 2147483647;
			files = (
			);
			runOnlyForDeploymentPostprocessing = 0;
		};
		AF1613B31BBC87DC008589E2 /* Frameworks */ = {
			isa = PBXFrameworksBuildPhase;
			buildActionMask = 2147483647;
			files = (
			);
			runOnlyForDeploymentPostprocessing = 0;
		};
/* End PBXFrameworksBuildPhase section */

/* Begin PBXGroup section */
		AF16138E1BBC87DC008589E2 = {
			isa = PBXGroup;
			children = (
				AF1613991BBC87DC008589E2 /* Jim */,
				AF1613AE1BBC87DC008589E2 /* JimTests */,
				AF1613B91BBC87DC008589E2 /* JimUITests */,
				AF1613981BBC87DC008589E2 /* Products */,
			);
			sourceTree = "<group>";
		};
		AF1613981BBC87DC008589E2 /* Products */ = {
			isa = PBXGroup;
			children = (
				AF1613971BBC87DC008589E2 /* Jim.app */,
				AF1613AB1BBC87DC008589E2 /* JimTests.xctest */,
				AF1613B61BBC87DC008589E2 /* JimUITests.xctest */,
			);
			name = Products;
			sourceTree = "<group>";
		};
		AF1613991BBC87DC008589E2 /* Jim */ = {
			isa = PBXGroup;
			children = (
				AF16139A1BBC87DC008589E2 /* AppDelegate.swift */,
				AF16139C1BBC87DC008589E2 /* ViewController.swift */,
				AF16139E1BBC87DC008589E2 /* Main.storyboard */,
				AF1613A11BBC87DC008589E2 /* Assets.xcassets */,
				AF1613A31BBC87DC008589E2 /* LaunchScreen.storyboard */,
				AF1613A61BBC87DC008589E2 /* Info.plist */,
			);
			path = Jim;
			sourceTree = "<group>";
		};
		AF1613AE1BBC87DC008589E2 /* JimTests */ = {
			isa = PBXGroup;
			children = (
				AF1613AF1BBC87DC008589E2 /* JimTests.swift */,
				AF1613B11BBC87DC008589E2 /* Info.plist */,
			);
			path = JimTests;
			sourceTree = "<group>";
		};
		AF1613B91BBC87DC008589E2 /* JimUITests */ = {
			isa = PBXGroup;
			children = (
				AF1613BA1BBC87DC008589E2 /* JimUITests.swift */,
				AF1613BC1BBC87DC008589E2 /* Info.plist */,
			);
			path = JimUITests;
			sourceTree = "<group>";
		};
/* End PBXGroup section */

/* Begin PBXNativeTarget section */
		AF1613961BBC87DC008589E2 /* Jim */ = {
			isa = PBXNativeTarget;
			buildConfigurationList = AF1613BF1BBC87DC008589E2 /* Build configuration list for PBXNativeTarget "Jim" */;
			buildPhases = (
				AF1613931BBC87DC008589E2 /* Sources */,
				AF1613941BBC87DC008589E2 /* Frameworks */,
				AF1613951BBC87DC008589E2 /* Resources */,
			);
			buildRules = (
			);
			dependencies = (
			);
			name = Jim;
			productName = Jim;
			productReference = AF1613971BBC87DC008589E2 /* Jim.app */;
			productType = "com.apple.product-type.application";
		};
		AF1613AA1BBC87DC008589E2 /* JimTests */ = {
			isa = PBXNativeTarget;
			buildConfigurationList = AF1613C21BBC87DC008589E2 /* Build configuration list for PBXNativeTarget "JimTests" */;
			buildPhases = (
				AF1613A71BBC87DC008589E2 /* Sources */,
				AF1613A81BBC87DC008589E2 /* Frameworks */,
				AF1613A91BBC87DC008589E2 /* Resources */,
			);
			buildRules = (
			);
			dependencies = (
				AF1613AD1BBC87DC008589E2 /* PBXTargetDependency */,
			);
			name = JimTests;
			productName = JimTests;
			productReference = AF1613AB1BBC87DC008589E2 /* JimTests.xctest */;
			productType = "com.apple.product-type.bundle.unit-test";
		};
		AF1613B51BBC87DC008589E2 /* JimUITests */ = {
			isa = PBXNativeTarget;
			buildConfigurationList = AF1613C51BBC87DC008589E2 /* Build configuration list for PBXNativeTarget "JimUITests" */;
			buildPhases = (
				AF1613B21BBC87DC008589E2 /* Sources */,
				AF1613B31BBC87DC008589E2 /* Frameworks */,
				AF1613B41BBC87DC008589E2 /* Resources */,
			);
			buildRules = (
			);
			dependencies = (
				AF1613B81BBC87DC008589E2 /* PBXTargetDependency */,
			);
			name = JimUITests;
			productName = JimUITests;
			productReference = AF1613B61BBC87DC008589E2 /* JimUITests.xctest */;
			productType = "com.apple.product-type.bundle.ui-testing";
		};
/* End PBXNativeTarget section */

/* Begin PBXProject section */
		AF16138F1BBC87DC008589E2 /* Project object */ = {
			isa = PBXProject;
			attributes = {
				LastUpgradeCheck = 0700;
				ORGANIZATIONNAME = "Kyle McAlpine";
				TargetAttributes = {
					AF1613961BBC87DC008589E2 = {
						CreatedOnToolsVersion = 7.0.1;
					};
					AF1613AA1BBC87DC008589E2 = {
						CreatedOnToolsVersion = 7.0.1;
						TestTargetID = AF1613961BBC87DC008589E2;
					};
					AF1613B51BBC87DC008589E2 = {
						CreatedOnToolsVersion = 7.0.1;
						TestTargetID = AF1613961BBC87DC008589E2;
					};
				};
			};
			buildConfigurationList = AF1613921BBC87DC008589E2 /* Build configuration list for PBXProject "Jim" */;
			compatibilityVersion = "Xcode 3.2";
			developmentRegion = English;
			hasScannedForEncodings = 0;
			knownRegions = (
				en,
				Base,
			);
			mainGroup = AF16138E1BBC87DC008589E2;
			productRefGroup = AF1613981BBC87DC008589E2 /* Products */;
			projectDirPath = "";
			projectRoot = "";
			targets = (
				AF1613961BBC87DC008589E2 /* Jim */,
				AF1613AA1BBC87DC008589E2 /* JimTests */,
				AF1613B51BBC87DC008589E2 /* JimUITests */,
			);
		};
/* End PBXProject section */

/* Begin PBXResourcesBuildPhase section */
		AF1613951BBC87DC008589E2 /* Resources */ = {
			isa = PBXResourcesBuildPhase;
			buildActionMask = 2147483647;
			files = (
				AF1613A51BBC87DC008589E2 /* LaunchScreen.storyboard in Resources */,
				AF1613A21BBC87DC008589E2 /* Assets.xcassets in Resources */,
				AF1613A01BBC87DC008589E2 /* Main.storyboard in Resources */,
			);
			runOnlyForDeploymentPostprocessing = 0;
		};
		AF1613A91BBC87DC008589E2 /* Resources */ = {
			isa = PBXResourcesBuildPhase;
			buildActionMask = 2147483647;
			files = (
			);
			runOnlyForDeploymentPostprocessing = 0;
		};
		AF1613B41BBC87DC008589E2 /* Resources */ = {
			isa = PBXResourcesBuildPhase;
			buildActionMask = 2147483647;
			files = (
			);
			runOnlyForDeploymentPostprocessing = 0;
		};
/* End PBXResourcesBuildPhase section */

/* Begin PBXSourcesBuildPhase section */
		AF1613931BBC87DC008589E2 /* Sources */ = {
			isa = PBXSourcesBuildPhase;
			buildActionMask = 2147483647;
			files = (
				AF16139D1BBC87DC008589E2 /* ViewController.swift in Sources */,
				AF16139B1BBC87DC008589E2 /* AppDelegate.swift in Sources */,
			);
			runOnlyForDeploymentPostprocessing = 0;
		};
		AF1613A71BBC87DC008589E2 /* Sources */ = {
			isa = PBXSourcesBuildPhase;
			buildActionMask = 2147483647;
			files = (
				AF1613B01BBC87DC008589E2 /* JimTests.swift in Sources */,
			);
			runOnlyForDeploymentPostprocessing = 0;
		};
		AF1613B21BBC87DC008589E2 /* Sources */ = {
			isa = PBXSourcesBuildPhase;
			buildActionMask = 2147483647;
			files = (
				AF1613BB1BBC87DC008589E2 /* JimUITests.swift in Sources */,
			);
			runOnlyForDeploymentPostprocessing = 0;
		};
/* End PBXSourcesBuildPhase section */

/* Begin PBXTargetDependency section */
		AF1613AD1BBC87DC008589E2 /* PBXTargetDependency */ = {
			isa = PBXTargetDependency;
			target = AF1613961BBC87DC008589E2 /* Jim */;
			targetProxy = AF1613AC1BBC87DC008589E2 /* PBXContainerItemProxy */;
		};
		AF1613B81BBC87DC008589E2 /* PBXTargetDependency */ = {
			isa = PBXTargetDependency;
			target = AF1613961BBC87DC008589E2 /* Jim */;
			targetProxy = AF1613B71BBC87DC008589E2 /* PBXContainerItemProxy */;
		};
/* End PBXTargetDependency section */

/* Begin PBXVariantGroup section */
		AF16139E1BBC87DC008589E2 /* Main.storyboard */ = {
			isa = PBXVariantGroup;
			children = (
				AF16139F1BBC87DC008589E2 /* Base */,
			);
			name = Main.storyboard;
			sourceTree = "<group>";
		};
		AF1613A31BBC87DC008589E2 /* LaunchScreen.storyboard */ = {
			isa = PBXVariantGroup;
			children = (
				AF1613A41BBC87DC008589E2 /* Base */,
			);
			name = LaunchScreen.storyboard;
			sourceTree = "<group>";
		};
/* End PBXVariantGroup section */

/* Begin XCBuildConfiguration section */
		AF1613BD1BBC87DC008589E2 /* Debug */ = {
			isa = XCBuildConfiguration;
			buildSettings = {
				ALWAYS_SEARCH_USER_PATHS = NO;
				CLANG_CXX_LANGUAGE_STANDARD = "gnu++0x";
				CLANG_CXX_LIBRARY = "libc++";
				CLANG_ENABLE_MODULES = YES;
				CLANG_ENABLE_OBJC_ARC = YES;
				CLANG_WARN_BOOL_CONVERSION = YES;
				CLANG_WARN_CONSTANT_CONVERSION = YES;
				CLANG_WARN_DIRECT_OBJC_ISA_USAGE = YES_ERROR;
				CLANG_WARN_EMPTY_BODY = YES;
				CLANG_WARN_ENUM_CONVERSION = YES;
				CLANG_WARN_INT_CONVERSION = YES;
				CLANG_WARN_OBJC_ROOT_CLASS = YES_ERROR;
				CLANG_WARN_UNREACHABLE_CODE = YES;
				CLANG_WARN__DUPLICATE_METHOD_MATCH = YES;
				"CODE_SIGN_IDENTITY[sdk=iphoneos*]" = "iPhone Developer";
				COPY_PHASE_STRIP = NO;
				DEBUG_INFORMATION_FORMAT = dwarf;
				ENABLE_STRICT_OBJC_MSGSEND = YES;
				ENABLE_TESTABILITY = YES;
				GCC_C_LANGUAGE_STANDARD = gnu99;
				GCC_DYNAMIC_NO_PIC = NO;
				GCC_NO_COMMON_BLOCKS = YES;
				GCC_OPTIMIZATION_LEVEL = 0;
				GCC_PREPROCESSOR_DEFINITIONS = (
					"DEBUG=1",
					"$(inherited)",
				);
				GCC_WARN_64_TO_32_BIT_CONVERSION = YES;
				GCC_WARN_ABOUT_RETURN_TYPE = YES_ERROR;
				GCC_WARN_UNDECLARED_SELECTOR = YES;
				GCC_WARN_UNINITIALIZED_AUTOS = YES_AGGRESSIVE;
				GCC_WARN_UNUSED_FUNCTION = YES;
				GCC_WARN_UNUSED_VARIABLE = YES;
				IPHONEOS_DEPLOYMENT_TARGET = 9.0;
				MTL_ENABLE_DEBUG_INFO = YES;
				ONLY_ACTIVE_ARCH = YES;
				SDKROOT = iphoneos;
				SWIFT_OPTIMIZATION_LEVEL = "-Onone";
			};
			name = Debug;
		};
		AF1613BE1BBC87DC008589E2 /* Release */ = {
			isa = XCBuildConfiguration;
			buildSettings = {
				ALWAYS_SEARCH_USER_PATHS = NO;
				CLANG_CXX_LANGUAGE_STANDARD = "gnu++0x";
				CLANG_CXX_LIBRARY = "libc++";
				CLANG_ENABLE_MODULES = YES;
				CLANG_ENABLE_OBJC_ARC = YES;
				CLANG_WARN_BOOL_CONVERSION = YES;
				CLANG_WARN_CONSTANT_CONVERSION = YES;
				CLANG_WARN_DIRECT_OBJC_ISA_USAGE = YES_ERROR;
				CLANG_WARN_EMPTY_BODY = YES;
				CLANG_WARN_ENUM_CONVERSION = YES;
				CLANG_WARN_INT_CONVERSION = YES;
				CLANG_WARN_OBJC_ROOT_CLASS = YES_ERROR;
				CLANG_WARN_UNREACHABLE_CODE = YES;
				CLANG_WARN__DUPLICATE_METHOD_MATCH = YES;
				"CODE_SIGN_IDENTITY[sdk=iphoneos*]" = "iPhone Developer";
				COPY_PHASE_STRIP = NO;
				DEBUG_INFORMATION_FORMAT = "dwarf-with-dsym";
				ENABLE_NS_ASSERTIONS = NO;
				ENABLE_STRICT_OBJC_MSGSEND = YES;
				GCC_C_LANGUAGE_STANDARD = gnu99;
				GCC_NO_COMMON_BLOCKS = YES;
				GCC_WARN_64_TO_32_BIT_CONVERSION = YES;
				GCC_WARN_ABOUT_RETURN_TYPE = YES_ERROR;
				GCC_WARN_UNDECLARED_SELECTOR = YES;
				GCC_WARN_UNINITIALIZED_AUTOS = YES_AGGRESSIVE;
				GCC_WARN_UNUSED_FUNCTION = YES;
				GCC_WARN_UNUSED_VARIABLE = YES;
				IPHONEOS_DEPLOYMENT_TARGET = 9.0;
				MTL_ENABLE_DEBUG_INFO = NO;
				SDKROOT = iphoneos;
				VALIDATE_PRODUCT = YES;
			};
			name = Release;
		};
		AF1613C01BBC87DC008589E2 /* Debug */ = {
			isa = XCBuildConfiguration;
			buildSettings = {
				ASSETCATALOG_COMPILER_APPICON_NAME = AppIcon;
				INFOPLIST_FILE = Jim/Info.plist;
				LD_RUNPATH_SEARCH_PATHS = "$(inherited) @executable_path/Frameworks";
				PRODUCT_BUNDLE_IDENTIFIER = io.kylejm.Jim;
				PRODUCT_NAME = "$(TARGET_NAME)";
			};
			name = Debug;
		};
		AF1613C11BBC87DC008589E2 /* Release */ = {
			isa = XCBuildConfiguration;
			buildSettings = {
				ASSETCATALOG_COMPILER_APPICON_NAME = AppIcon;
				INFOPLIST_FILE = Jim/Info.plist;
				LD_RUNPATH_SEARCH_PATHS = "$(inherited) @executable_path/Frameworks";
				PRODUCT_BUNDLE_IDENTIFIER = io.kylejm.Jim;
				PRODUCT_NAME = "$(TARGET_NAME)";
			};
			name = Release;
		};
		AF1613C31BBC87DC008589E2 /* Debug */ = {
			isa = XCBuildConfiguration;
			buildSettings = {
				BUNDLE_LOADER = "$(TEST_HOST)";
				INFOPLIST_FILE = JimTests/Info.plist;
				LD_RUNPATH_SEARCH_PATHS = "$(inherited) @executable_path/Frameworks @loader_path/Frameworks";
				PRODUCT_BUNDLE_IDENTIFIER = io.kylejm.JimTests;
				PRODUCT_NAME = "$(TARGET_NAME)";
				TEST_HOST = "$(BUILT_PRODUCTS_DIR)/Jim.app/Jim";
			};
			name = Debug;
		};
		AF1613C41BBC87DC008589E2 /* Release */ = {
			isa = XCBuildConfiguration;
			buildSettings = {
				BUNDLE_LOADER = "$(TEST_HOST)";
				INFOPLIST_FILE = JimTests/Info.plist;
				LD_RUNPATH_SEARCH_PATHS = "$(inherited) @executable_path/Frameworks @loader_path/Frameworks";
				PRODUCT_BUNDLE_IDENTIFIER = io.kylejm.JimTests;
				PRODUCT_NAME = "$(TARGET_NAME)";
				TEST_HOST = "$(BUILT_PRODUCTS_DIR)/Jim.app/Jim";
			};
			name = Release;
		};
		AF1613C61BBC87DC008589E2 /* Debug */ = {
			isa = XCBuildConfiguration;
			buildSettings = {
				INFOPLIST_FILE = JimUITests/Info.plist;
				LD_RUNPATH_SEARCH_PATHS = "$(inherited) @executable_path/Frameworks @loader_path/Frameworks";
				PRODUCT_BUNDLE_IDENTIFIER = io.kylejm.JimUITests;
				PRODUCT_NAME = "$(TARGET_NAME)";
				TEST_TARGET_NAME = Jim;
				USES_XCTRUNNER = YES;
			};
			name = Debug;
		};
		AF1613C71BBC87DC008589E2 /* Release */ = {
			isa = XCBuildConfiguration;
			buildSettings = {
				INFOPLIST_FILE = JimUITests/Info.plist;
				LD_RUNPATH_SEARCH_PATHS = "$(inherited) @executable_path/Frameworks @loader_path/Frameworks";
				PRODUCT_BUNDLE_IDENTIFIER = io.kylejm.JimUITests;
				PRODUCT_NAME = "$(TARGET_NAME)";
				TEST_TARGET_NAME = Jim;
				USES_XCTRUNNER = YES;
			};
			name = Release;
		};
/* End XCBuildConfiguration section */

/* Begin XCConfigurationList section */
		AF1613921BBC87DC008589E2 /* Build configuration list for PBXProject "Jim" */ = {
			isa = XCConfigurationList;
			buildConfigurations = (
				AF1613BD1BBC87DC008589E2 /* Debug */,
				AF1613BE1BBC87DC008589E2 /* Release */,
			);
			defaultConfigurationIsVisible = 0;
			defaultConfigurationName = Release;
		};
		AF1613BF1BBC87DC008589E2 /* Build configuration list for PBXNativeTarget "Jim" */ = {
			isa = XCConfigurationList;
			buildConfigurations = (
				AF1613C01BBC87DC008589E2 /* Debug */,
				AF1613C11BBC87DC008589E2 /* Release */,
			);
			defaultConfigurationIsVisible = 0;
		};
		AF1613C21BBC87DC008589E2 /* Build configuration list for PBXNativeTarget "JimTests" */ = {
			isa = XCConfigurationList;
			buildConfigurations = (
				AF1613C31BBC87DC008589E2 /* Debug */,
				AF1613C41BBC87DC008589E2 /* Release */,
			);
			defaultConfigurationIsVisible = 0;
		};
		AF1613C51BBC87DC008589E2 /* Build configuration list for PBXNativeTarget "JimUITests" */ = {
			isa = XCConfigurationList;
			buildConfigurations = (
				AF1613C61BBC87DC008589E2 /* Debug */,
				AF1613C71BBC87DC008589E2 /* Release */,
			);
			defaultConfigurationIsVisible = 0;
		};
/* End XCConfigurationList section */
	};
	rootObject = AF16138F1BBC87DC008589E2 /* Project object */;
}
